
Microsoft Visual Studio Solution File, Format Version 12.00
# Visual Studio Version 17
VisualStudioVersion = 17.9.34622.214
MinimumVisualStudioVersion = 10.0.40219.1
Project("{2150E333-8FDC-42A3-9474-1A3956D46DE8}") = "Порождающие паттерны", "Порождающие паттерны", "{85E48095-8787-455A-83B7-FEF26474135E}"
EndProject
Project("{2150E333-8FDC-42A3-9474-1A3956D46DE8}") = "AbstractFactory", "AbstractFactory", "{15201621-C18C-4679-966D-F1AA64EC177D}"
EndProject
Project("{FAE04EC0-301F-11D3-BF4B-00C04F79EFBC}") = "AbstractFactory", "AbstractFactory\AbstractFactory.csproj", "{2A12AB90-8312-4784-BFE6-38F8430153CF}"
EndProject
Project("{2150E333-8FDC-42A3-9474-1A3956D46DE8}") = "Builder", "Builder", "{43B8F0E0-AF1E-422E-BFCD-D6988F7CA6D6}"
EndProject
Project("{FAE04EC0-301F-11D3-BF4B-00C04F79EFBC}") = "Builder", "Builder\Builder.csproj", "{B02BB670-6E15-4924-BD4C-A19C65B35F0D}"
EndProject
Project("{2150E333-8FDC-42A3-9474-1A3956D46DE8}") = "Fabric Method", "Fabric Method", "{20D80943-303E-4132-9F82-C7007FC1F3C1}"
EndProject
Project("{FAE04EC0-301F-11D3-BF4B-00C04F79EFBC}") = "FabricMethod", "FabricMethod\FabricMethod.csproj", "{3D2BB13F-1D43-4CBA-8515-A8486569C56B}"
EndProject
Project("{2150E333-8FDC-42A3-9474-1A3956D46DE8}") = "Prototype", "Prototype", "{588010E0-9A5A-4319-9A98-3AA1619FCEA8}"
EndProject
Project("{FAE04EC0-301F-11D3-BF4B-00C04F79EFBC}") = "Prototype", "Prototype\Prototype.csproj", "{ECC34D7E-AB33-4774-B4AC-5256954A3889}"
EndProject
Project("{2150E333-8FDC-42A3-9474-1A3956D46DE8}") = "Singleton", "Singleton", "{24890916-36F3-47AF-B3CE-99805A79F414}"
EndProject
Project("{FAE04EC0-301F-11D3-BF4B-00C04F79EFBC}") = "Singleton", "Singleton\Singleton.csproj", "{899A61D5-9FB3-454C-84EC-46A260BD2885}"
EndProject
Project("{2150E333-8FDC-42A3-9474-1A3956D46DE8}") = "Структурные паттерны", "Структурные паттерны", "{3C64B017-1ED3-4C50-AD87-F06B8A40BF78}"
EndProject
Project("{2150E333-8FDC-42A3-9474-1A3956D46DE8}") = "Adapter", "Adapter", "{6C6F4AEE-8A3D-4A3C-9529-55D1BBC76EB3}"
EndProject
Project("{FAE04EC0-301F-11D3-BF4B-00C04F79EFBC}") = "Adapter", "Adapter\Adapter.csproj", "{E1BB4C8F-41D7-4BAF-B1A6-2C079887A3F1}"
EndProject
Project("{2150E333-8FDC-42A3-9474-1A3956D46DE8}") = "Bridge", "Bridge", "{4E19A04F-B8DA-40E2-83D5-CB2FD8C56803}"
EndProject
Project("{FAE04EC0-301F-11D3-BF4B-00C04F79EFBC}") = "Bridge", "Bridge\Bridge.csproj", "{1A2D4110-86BE-43F6-88B6-01C83CA8871C}"
EndProject
Project("{2150E333-8FDC-42A3-9474-1A3956D46DE8}") = "Composite", "Composite", "{E9D53368-7B10-4153-B92F-573CE0FFF158}"
EndProject
Project("{FAE04EC0-301F-11D3-BF4B-00C04F79EFBC}") = "Composite", "Компоновщик\Composite.csproj", "{7E6F9145-1097-4800-99FF-2AB3E99BF459}"
EndProject
Project("{2150E333-8FDC-42A3-9474-1A3956D46DE8}") = "Facade", "Facade", "{F2D4A16B-0CA5-457C-8D26-21C21926C2A0}"
EndProject
Project("{FAE04EC0-301F-11D3-BF4B-00C04F79EFBC}") = "Facade", "Фасад\Facade.csproj", "{190A9177-C6D7-4694-AA0D-AE74DF3974D7}"
EndProject
Project("{2150E333-8FDC-42A3-9474-1A3956D46DE8}") = "Flyweight", "Flyweight", "{C13946CC-60F9-40F2-BE33-BE4A046AB41A}"
EndProject
Project("{FAE04EC0-301F-11D3-BF4B-00C04F79EFBC}") = "Flyweight", "Приспособленец\Flyweight.csproj", "{C06A3F39-48BA-48FB-8F06-9F686BAE80F0}"
EndProject
Project("{2150E333-8FDC-42A3-9474-1A3956D46DE8}") = "Proxy", "Proxy", "{B19C38EF-DABA-4065-A78F-B7E1B5B7423F}"
EndProject
Project("{FAE04EC0-301F-11D3-BF4B-00C04F79EFBC}") = "Proxy", "Заместитель\Proxy.csproj", "{6178BF2D-78CA-4F01-903B-542DBE27F825}"
EndProject
Project("{2150E333-8FDC-42A3-9474-1A3956D46DE8}") = "Паттерны поведения", "Паттерны поведения", "{F9D5D2C9-B746-445E-BE50-23F25420E892}"
EndProject
Project("{2150E333-8FDC-42A3-9474-1A3956D46DE8}") = "Chain Of Responsibility", "Chain Of Responsibility", "{136432CB-9CFF-4938-801E-367CE22522E0}"
EndProject
Project("{FAE04EC0-301F-11D3-BF4B-00C04F79EFBC}") = "ChainOfResponsibility", "Цепочка обязанностей\ChainOfResponsibility.csproj", "{739BA5CD-D293-4874-BA8F-7B95B929CABD}"
EndProject
Project("{2150E333-8FDC-42A3-9474-1A3956D46DE8}") = "Command", "Command", "{5ADF6C4A-72D7-4FEF-9E16-297CD2BF9783}"
EndProject
Project("{FAE04EC0-301F-11D3-BF4B-00C04F79EFBC}") = "Command", "Команда\Command.csproj", "{01B1D7CE-A89D-4C78-8405-B55149F295A3}"
EndProject
Project("{2150E333-8FDC-42A3-9474-1A3956D46DE8}") = "Iterator", "Iterator", "{135FB547-6B3A-4E79-AA32-B8A1794C6F05}"
EndProject
Project("{FAE04EC0-301F-11D3-BF4B-00C04F79EFBC}") = "Iterator", "Итератор\Iterator.csproj", "{410EB09E-3F32-4DDB-9FBD-7108C4EDF8DE}"
EndProject
Project("{2150E333-8FDC-42A3-9474-1A3956D46DE8}") = "Mediator", "Mediator", "{E182598A-451F-49DB-A15F-CE82B5E35A64}"
EndProject
Project("{FAE04EC0-301F-11D3-BF4B-00C04F79EFBC}") = "Mediator", "Посредник\Mediator.csproj", "{47127BEB-5899-41B6-AA8B-D9E36512DD92}"
EndProject
Project("{2150E333-8FDC-42A3-9474-1A3956D46DE8}") = "Observer", "Observer", "{D76F8486-AC90-456D-86BD-BEBEF9C20CD3}"
EndProject
Project("{FAE04EC0-301F-11D3-BF4B-00C04F79EFBC}") = "Observer", "Наблюдатель\Observer.csproj", "{27183734-D2BD-4EF5-9F04-A2BE2DE25523}"
EndProject
Project("{2150E333-8FDC-42A3-9474-1A3956D46DE8}") = "State", "State", "{BB5AB2AD-65CA-42D8-B039-5A81BAB0BE60}"
EndProject
Project("{FAE04EC0-301F-11D3-BF4B-00C04F79EFBC}") = "State", "Состояние\State.csproj", "{B098810A-1A45-4665-8932-582E15E1D8B2}"
EndProject
Project("{2150E333-8FDC-42A3-9474-1A3956D46DE8}") = "Strategy", "Strategy", "{7DB591D2-42BA-4A55-A8F2-E89884494F9D}"
EndProject
Project("{FAE04EC0-301F-11D3-BF4B-00C04F79EFBC}") = "Strategy", "Стартегия\Strategy.csproj", "{CC8358A5-D3EE-41F7-9774-2FC6CA157C4A}"
EndProject
Project("{2150E333-8FDC-42A3-9474-1A3956D46DE8}") = "Template Method", "Template Method", "{5243DCA6-9B78-4D30-91DA-27849F705C49}"
EndProject
Project("{FAE04EC0-301F-11D3-BF4B-00C04F79EFBC}") = "Template Method", "Шаблонный метод\Template Method.csproj", "{7F0C7A1A-FFC4-4DC1-A959-0D0A1066F01F}"
EndProject
Project("{2150E333-8FDC-42A3-9474-1A3956D46DE8}") = "Visitor", "Visitor", "{FA79B491-9A03-451E-8903-57F9827A6CC8}"
EndProject
Project("{FAE04EC0-301F-11D3-BF4B-00C04F79EFBC}") = "Visitor", "Посетитель\Visitor.csproj", "{39CAF920-4611-4BC8-947D-786AF43788A6}"
EndProject
Global
	GlobalSection(SolutionConfigurationPlatforms) = preSolution
		Debug|Any CPU = Debug|Any CPU
		Release|Any CPU = Release|Any CPU
	EndGlobalSection
	GlobalSection(ProjectConfigurationPlatforms) = postSolution
		{2A12AB90-8312-4784-BFE6-38F8430153CF}.Debug|Any CPU.ActiveCfg = Debug|Any CPU
		{2A12AB90-8312-4784-BFE6-38F8430153CF}.Debug|Any CPU.Build.0 = Debug|Any CPU
		{2A12AB90-8312-4784-BFE6-38F8430153CF}.Release|Any CPU.ActiveCfg = Release|Any CPU
		{2A12AB90-8312-4784-BFE6-38F8430153CF}.Release|Any CPU.Build.0 = Release|Any CPU
		{B02BB670-6E15-4924-BD4C-A19C65B35F0D}.Debug|Any CPU.ActiveCfg = Debug|Any CPU
		{B02BB670-6E15-4924-BD4C-A19C65B35F0D}.Debug|Any CPU.Build.0 = Debug|Any CPU
		{B02BB670-6E15-4924-BD4C-A19C65B35F0D}.Release|Any CPU.ActiveCfg = Release|Any CPU
		{B02BB670-6E15-4924-BD4C-A19C65B35F0D}.Release|Any CPU.Build.0 = Release|Any CPU
		{3D2BB13F-1D43-4CBA-8515-A8486569C56B}.Debug|Any CPU.ActiveCfg = Debug|Any CPU
		{3D2BB13F-1D43-4CBA-8515-A8486569C56B}.Debug|Any CPU.Build.0 = Debug|Any CPU
		{3D2BB13F-1D43-4CBA-8515-A8486569C56B}.Release|Any CPU.ActiveCfg = Release|Any CPU
		{3D2BB13F-1D43-4CBA-8515-A8486569C56B}.Release|Any CPU.Build.0 = Release|Any CPU
		{ECC34D7E-AB33-4774-B4AC-5256954A3889}.Debug|Any CPU.ActiveCfg = Debug|Any CPU
		{ECC34D7E-AB33-4774-B4AC-5256954A3889}.Debug|Any CPU.Build.0 = Debug|Any CPU
		{ECC34D7E-AB33-4774-B4AC-5256954A3889}.Release|Any CPU.ActiveCfg = Release|Any CPU
		{ECC34D7E-AB33-4774-B4AC-5256954A3889}.Release|Any CPU.Build.0 = Release|Any CPU
		{899A61D5-9FB3-454C-84EC-46A260BD2885}.Debug|Any CPU.ActiveCfg = Debug|Any CPU
		{899A61D5-9FB3-454C-84EC-46A260BD2885}.Debug|Any CPU.Build.0 = Debug|Any CPU
		{899A61D5-9FB3-454C-84EC-46A260BD2885}.Release|Any CPU.ActiveCfg = Release|Any CPU
		{899A61D5-9FB3-454C-84EC-46A260BD2885}.Release|Any CPU.Build.0 = Release|Any CPU
		{E1BB4C8F-41D7-4BAF-B1A6-2C079887A3F1}.Debug|Any CPU.ActiveCfg = Debug|Any CPU
		{E1BB4C8F-41D7-4BAF-B1A6-2C079887A3F1}.Debug|Any CPU.Build.0 = Debug|Any CPU
		{E1BB4C8F-41D7-4BAF-B1A6-2C079887A3F1}.Release|Any CPU.ActiveCfg = Release|Any CPU
		{E1BB4C8F-41D7-4BAF-B1A6-2C079887A3F1}.Release|Any CPU.Build.0 = Release|Any CPU
		{1A2D4110-86BE-43F6-88B6-01C83CA8871C}.Debug|Any CPU.ActiveCfg = Debug|Any CPU
		{1A2D4110-86BE-43F6-88B6-01C83CA8871C}.Debug|Any CPU.Build.0 = Debug|Any CPU
		{1A2D4110-86BE-43F6-88B6-01C83CA8871C}.Release|Any CPU.ActiveCfg = Release|Any CPU
		{1A2D4110-86BE-43F6-88B6-01C83CA8871C}.Release|Any CPU.Build.0 = Release|Any CPU
		{7E6F9145-1097-4800-99FF-2AB3E99BF459}.Debug|Any CPU.ActiveCfg = Debug|Any CPU
		{7E6F9145-1097-4800-99FF-2AB3E99BF459}.Debug|Any CPU.Build.0 = Debug|Any CPU
		{7E6F9145-1097-4800-99FF-2AB3E99BF459}.Release|Any CPU.ActiveCfg = Release|Any CPU
		{7E6F9145-1097-4800-99FF-2AB3E99BF459}.Release|Any CPU.Build.0 = Release|Any CPU
		{190A9177-C6D7-4694-AA0D-AE74DF3974D7}.Debug|Any CPU.ActiveCfg = Debug|Any CPU
		{190A9177-C6D7-4694-AA0D-AE74DF3974D7}.Debug|Any CPU.Build.0 = Debug|Any CPU
		{190A9177-C6D7-4694-AA0D-AE74DF3974D7}.Release|Any CPU.ActiveCfg = Release|Any CPU
		{190A9177-C6D7-4694-AA0D-AE74DF3974D7}.Release|Any CPU.Build.0 = Release|Any CPU
		{C06A3F39-48BA-48FB-8F06-9F686BAE80F0}.Debug|Any CPU.ActiveCfg = Debug|Any CPU
		{C06A3F39-48BA-48FB-8F06-9F686BAE80F0}.Debug|Any CPU.Build.0 = Debug|Any CPU
		{C06A3F39-48BA-48FB-8F06-9F686BAE80F0}.Release|Any CPU.ActiveCfg = Release|Any CPU
		{C06A3F39-48BA-48FB-8F06-9F686BAE80F0}.Release|Any CPU.Build.0 = Release|Any CPU
		{6178BF2D-78CA-4F01-903B-542DBE27F825}.Debug|Any CPU.ActiveCfg = Debug|Any CPU
		{6178BF2D-78CA-4F01-903B-542DBE27F825}.Debug|Any CPU.Build.0 = Debug|Any CPU
		{6178BF2D-78CA-4F01-903B-542DBE27F825}.Release|Any CPU.ActiveCfg = Release|Any CPU
		{6178BF2D-78CA-4F01-903B-542DBE27F825}.Release|Any CPU.Build.0 = Release|Any CPU
		{739BA5CD-D293-4874-BA8F-7B95B929CABD}.Debug|Any CPU.ActiveCfg = Debug|Any CPU
		{739BA5CD-D293-4874-BA8F-7B95B929CABD}.Debug|Any CPU.Build.0 = Debug|Any CPU
		{739BA5CD-D293-4874-BA8F-7B95B929CABD}.Release|Any CPU.ActiveCfg = Release|Any CPU
		{739BA5CD-D293-4874-BA8F-7B95B929CABD}.Release|Any CPU.Build.0 = Release|Any CPU
		{01B1D7CE-A89D-4C78-8405-B55149F295A3}.Debug|Any CPU.ActiveCfg = Debug|Any CPU
		{01B1D7CE-A89D-4C78-8405-B55149F295A3}.Debug|Any CPU.Build.0 = Debug|Any CPU
		{01B1D7CE-A89D-4C78-8405-B55149F295A3}.Release|Any CPU.ActiveCfg = Release|Any CPU
		{01B1D7CE-A89D-4C78-8405-B55149F295A3}.Release|Any CPU.Build.0 = Release|Any CPU
		{410EB09E-3F32-4DDB-9FBD-7108C4EDF8DE}.Debug|Any CPU.ActiveCfg = Debug|Any CPU
		{410EB09E-3F32-4DDB-9FBD-7108C4EDF8DE}.Debug|Any CPU.Build.0 = Debug|Any CPU
		{410EB09E-3F32-4DDB-9FBD-7108C4EDF8DE}.Release|Any CPU.ActiveCfg = Release|Any CPU
		{410EB09E-3F32-4DDB-9FBD-7108C4EDF8DE}.Release|Any CPU.Build.0 = Release|Any CPU
		{47127BEB-5899-41B6-AA8B-D9E36512DD92}.Debug|Any CPU.ActiveCfg = Debug|Any CPU
		{47127BEB-5899-41B6-AA8B-D9E36512DD92}.Debug|Any CPU.Build.0 = Debug|Any CPU
		{47127BEB-5899-41B6-AA8B-D9E36512DD92}.Release|Any CPU.ActiveCfg = Release|Any CPU
		{47127BEB-5899-41B6-AA8B-D9E36512DD92}.Release|Any CPU.Build.0 = Release|Any CPU
		{27183734-D2BD-4EF5-9F04-A2BE2DE25523}.Debug|Any CPU.ActiveCfg = Debug|Any CPU
		{27183734-D2BD-4EF5-9F04-A2BE2DE25523}.Debug|Any CPU.Build.0 = Debug|Any CPU
		{27183734-D2BD-4EF5-9F04-A2BE2DE25523}.Release|Any CPU.ActiveCfg = Release|Any CPU
		{27183734-D2BD-4EF5-9F04-A2BE2DE25523}.Release|Any CPU.Build.0 = Release|Any CPU
		{B098810A-1A45-4665-8932-582E15E1D8B2}.Debug|Any CPU.ActiveCfg = Debug|Any CPU
		{B098810A-1A45-4665-8932-582E15E1D8B2}.Debug|Any CPU.Build.0 = Debug|Any CPU
		{B098810A-1A45-4665-8932-582E15E1D8B2}.Release|Any CPU.ActiveCfg = Release|Any CPU
		{B098810A-1A45-4665-8932-582E15E1D8B2}.Release|Any CPU.Build.0 = Release|Any CPU
		{CC8358A5-D3EE-41F7-9774-2FC6CA157C4A}.Debug|Any CPU.ActiveCfg = Debug|Any CPU
		{CC8358A5-D3EE-41F7-9774-2FC6CA157C4A}.Debug|Any CPU.Build.0 = Debug|Any CPU
		{CC8358A5-D3EE-41F7-9774-2FC6CA157C4A}.Release|Any CPU.ActiveCfg = Release|Any CPU
		{CC8358A5-D3EE-41F7-9774-2FC6CA157C4A}.Release|Any CPU.Build.0 = Release|Any CPU
		{7F0C7A1A-FFC4-4DC1-A959-0D0A1066F01F}.Debug|Any CPU.ActiveCfg = Debug|Any CPU
		{7F0C7A1A-FFC4-4DC1-A959-0D0A1066F01F}.Debug|Any CPU.Build.0 = Debug|Any CPU
		{7F0C7A1A-FFC4-4DC1-A959-0D0A1066F01F}.Release|Any CPU.ActiveCfg = Release|Any CPU
		{7F0C7A1A-FFC4-4DC1-A959-0D0A1066F01F}.Release|Any CPU.Build.0 = Release|Any CPU
		{39CAF920-4611-4BC8-947D-786AF43788A6}.Debug|Any CPU.ActiveCfg = Debug|Any CPU
		{39CAF920-4611-4BC8-947D-786AF43788A6}.Debug|Any CPU.Build.0 = Debug|Any CPU
		{39CAF920-4611-4BC8-947D-786AF43788A6}.Release|Any CPU.ActiveCfg = Release|Any CPU
		{39CAF920-4611-4BC8-947D-786AF43788A6}.Release|Any CPU.Build.0 = Release|Any CPU
	EndGlobalSection
	GlobalSection(SolutionProperties) = preSolution
		HideSolutionNode = FALSE
	EndGlobalSection
	GlobalSection(NestedProjects) = preSolution
		{15201621-C18C-4679-966D-F1AA64EC177D} = {85E48095-8787-455A-83B7-FEF26474135E}
		{2A12AB90-8312-4784-BFE6-38F8430153CF} = {15201621-C18C-4679-966D-F1AA64EC177D}
		{43B8F0E0-AF1E-422E-BFCD-D6988F7CA6D6} = {85E48095-8787-455A-83B7-FEF26474135E}
		{B02BB670-6E15-4924-BD4C-A19C65B35F0D} = {43B8F0E0-AF1E-422E-BFCD-D6988F7CA6D6}
		{20D80943-303E-4132-9F82-C7007FC1F3C1} = {85E48095-8787-455A-83B7-FEF26474135E}
		{3D2BB13F-1D43-4CBA-8515-A8486569C56B} = {20D80943-303E-4132-9F82-C7007FC1F3C1}
		{588010E0-9A5A-4319-9A98-3AA1619FCEA8} = {85E48095-8787-455A-83B7-FEF26474135E}
		{ECC34D7E-AB33-4774-B4AC-5256954A3889} = {588010E0-9A5A-4319-9A98-3AA1619FCEA8}
		{24890916-36F3-47AF-B3CE-99805A79F414} = {85E48095-8787-455A-83B7-FEF26474135E}
		{899A61D5-9FB3-454C-84EC-46A260BD2885} = {24890916-36F3-47AF-B3CE-99805A79F414}
		{6C6F4AEE-8A3D-4A3C-9529-55D1BBC76EB3} = {3C64B017-1ED3-4C50-AD87-F06B8A40BF78}
		{E1BB4C8F-41D7-4BAF-B1A6-2C079887A3F1} = {6C6F4AEE-8A3D-4A3C-9529-55D1BBC76EB3}
		{4E19A04F-B8DA-40E2-83D5-CB2FD8C56803} = {3C64B017-1ED3-4C50-AD87-F06B8A40BF78}
		{1A2D4110-86BE-43F6-88B6-01C83CA8871C} = {4E19A04F-B8DA-40E2-83D5-CB2FD8C56803}
		{E9D53368-7B10-4153-B92F-573CE0FFF158} = {3C64B017-1ED3-4C50-AD87-F06B8A40BF78}
		{7E6F9145-1097-4800-99FF-2AB3E99BF459} = {E9D53368-7B10-4153-B92F-573CE0FFF158}
		{F2D4A16B-0CA5-457C-8D26-21C21926C2A0} = {3C64B017-1ED3-4C50-AD87-F06B8A40BF78}
		{190A9177-C6D7-4694-AA0D-AE74DF3974D7} = {F2D4A16B-0CA5-457C-8D26-21C21926C2A0}
		{C13946CC-60F9-40F2-BE33-BE4A046AB41A} = {3C64B017-1ED3-4C50-AD87-F06B8A40BF78}
		{C06A3F39-48BA-48FB-8F06-9F686BAE80F0} = {C13946CC-60F9-40F2-BE33-BE4A046AB41A}
		{B19C38EF-DABA-4065-A78F-B7E1B5B7423F} = {3C64B017-1ED3-4C50-AD87-F06B8A40BF78}
		{6178BF2D-78CA-4F01-903B-542DBE27F825} = {B19C38EF-DABA-4065-A78F-B7E1B5B7423F}
		{136432CB-9CFF-4938-801E-367CE22522E0} = {F9D5D2C9-B746-445E-BE50-23F25420E892}
		{739BA5CD-D293-4874-BA8F-7B95B929CABD} = {136432CB-9CFF-4938-801E-367CE22522E0}
		{5ADF6C4A-72D7-4FEF-9E16-297CD2BF9783} = {F9D5D2C9-B746-445E-BE50-23F25420E892}
		{01B1D7CE-A89D-4C78-8405-B55149F295A3} = {5ADF6C4A-72D7-4FEF-9E16-297CD2BF9783}
		{135FB547-6B3A-4E79-AA32-B8A1794C6F05} = {F9D5D2C9-B746-445E-BE50-23F25420E892}
		{410EB09E-3F32-4DDB-9FBD-7108C4EDF8DE} = {135FB547-6B3A-4E79-AA32-B8A1794C6F05}
		{E182598A-451F-49DB-A15F-CE82B5E35A64} = {3C64B017-1ED3-4C50-AD87-F06B8A40BF78}
		{47127BEB-5899-41B6-AA8B-D9E36512DD92} = {E182598A-451F-49DB-A15F-CE82B5E35A64}
		{D76F8486-AC90-456D-86BD-BEBEF9C20CD3} = {3C64B017-1ED3-4C50-AD87-F06B8A40BF78}
		{27183734-D2BD-4EF5-9F04-A2BE2DE25523} = {D76F8486-AC90-456D-86BD-BEBEF9C20CD3}
		{BB5AB2AD-65CA-42D8-B039-5A81BAB0BE60} = {3C64B017-1ED3-4C50-AD87-F06B8A40BF78}
		{B098810A-1A45-4665-8932-582E15E1D8B2} = {BB5AB2AD-65CA-42D8-B039-5A81BAB0BE60}
		{7DB591D2-42BA-4A55-A8F2-E89884494F9D} = {3C64B017-1ED3-4C50-AD87-F06B8A40BF78}
		{CC8358A5-D3EE-41F7-9774-2FC6CA157C4A} = {7DB591D2-42BA-4A55-A8F2-E89884494F9D}
		{5243DCA6-9B78-4D30-91DA-27849F705C49} = {3C64B017-1ED3-4C50-AD87-F06B8A40BF78}
		{7F0C7A1A-FFC4-4DC1-A959-0D0A1066F01F} = {5243DCA6-9B78-4D30-91DA-27849F705C49}
		{FA79B491-9A03-451E-8903-57F9827A6CC8} = {3C64B017-1ED3-4C50-AD87-F06B8A40BF78}
		{39CAF920-4611-4BC8-947D-786AF43788A6} = {FA79B491-9A03-451E-8903-57F9827A6CC8}
	EndGlobalSection
	GlobalSection(ExtensibilityGlobals) = postSolution
		SolutionGuid = {0CF94F01-BB2C-48FE-AF23-169297BCDC51}
	EndGlobalSection
EndGlobal
